
Microsoft Visual Studio Solution File, Format Version 12.00
# Visual Studio Version 16
VisualStudioVersion = 16.0.31005.135
MinimumVisualStudioVersion = 10.0.40219.1
Project("{FAE04EC0-301F-11D3-BF4B-00C04F79EFBC}") = "Sample", "Sample.csproj", "{FB0BB943-A4EB-4CDF-9CAC-DF85A1E71112}"
EndProject
Project("{FAE04EC0-301F-11D3-BF4B-00C04F79EFBC}") = "UnitTestProject1", "..\UnitTestProject1\UnitTestProject1.csproj", "{DA10AF86-34C2-44CB-8754-BA19A89E0D5A}"
EndProject
Global
	GlobalSection(SolutionConfigurationPlatforms) = preSolution
		Debug|Any CPU = Debug|Any CPU
		Release|Any CPU = Release|Any CPU
	EndGlobalSection
	GlobalSection(ProjectConfigurationPlatforms) = postSolution
		{FB0BB943-A4EB-4CDF-9CAC-DF85A1E71112}.Debug|Any CPU.ActiveCfg = Debug|Any CPU
		{FB0BB943-A4EB-4CDF-9CAC-DF85A1E71112}.Debug|Any CPU.Build.0 = Debug|Any CPU
		{FB0BB943-A4EB-4CDF-9CAC-DF85A1E71112}.Release|Any CPU.ActiveCfg = Release|Any CPU
		{FB0BB943-A4EB-4CDF-9CAC-DF85A1E71112}.Release|Any CPU.Build.0 = Release|Any CPU
		{DA10AF86-34C2-44CB-8754-BA19A89E0D5A}.Debug|Any CPU.ActiveCfg = Debug|Any CPU
		{DA10AF86-34C2-44CB-8754-BA19A89E0D5A}.Debug|Any CPU.Build.0 = Debug|Any CPU
		{DA10AF86-34C2-44CB-8754-BA19A89E0D5A}.Release|Any CPU.ActiveCfg = Release|Any CPU
		{DA10AF86-34C2-44CB-8754-BA19A89E0D5A}.Release|Any CPU.Build.0 = Release|Any CPU
	EndGlobalSection
	GlobalSection(SolutionProperties) = preSolution
		HideSolutionNode = FALSE
	EndGlobalSection
	GlobalSection(ExtensibilityGlobals) = postSolution
		SolutionGuid = {E060A27F-2FE7-4A3B-9616-08535F43D85C}
	EndGlobalSection
EndGlobal
